{
  "originHash" : "4bb4d163386f96e69bff1f3700256df1e4ef5067eaacf3eef9cc1433bb4adae4",
  "pins" : [
    {
      "identity" : "fmdb",
      "kind" : "remoteSourceControl",
      "location" : "https://github.com/ccgus/fmdb",
      "state" : {
        "revision" : "1227a3fa2b9916bfd75fe380eb45cd210e69e251",
        "version" : "2.7.12"
      }
    },
    {
      "identity" : "rzutils",
      "kind" : "remoteSourceControl",
      "location" : "https://github.com/roznet/rzutils",
      "state" : {
        "revision" : "26465b73e220f1cfe77a6ac586d89ec73225d71a",
        "version" : "1.0.30"
      }
    }
  ],
  "version" : 3
}
