{
  "originHash" : "244bed0c6400ed689ff68f476d99a4711f01ed9c826099262de3eba3ff0ca173",
  "pins" : [
    {
      "identity" : "fmdb",
      "kind" : "remoteSourceControl",
      "location" : "https://github.com/ccgus/fmdb",
      "state" : {
        "revision" : "1227a3fa2b9916bfd75fe380eb45cd210e69e251",
        "version" : "2.7.12"
      }
    },
    {
      "identity" : "rzutils",
      "kind" : "remoteSourceControl",
      "location" : "https://github.com/roznet/rzutils",
      "state" : {
        "revision" : "e2c66339b9dfdf88ba11be04561ea659f8afddcc",
        "version" : "1.0.31"
      }
    }
  ],
  "version" : 3
}
